
Microsoft Visual Studio Solution File, Format Version 12.00
# Visual Studio Version 17
VisualStudioVersion = 17.7.34018.315
MinimumVisualStudioVersion = 10.0.40219.1
Project("{FAE04EC0-301F-11D3-BF4B-00C04F79EFBC}") = "CAL_Activity2", "CAL_Activity2\CAL_Activity2.csproj", "{68A61664-9588-4728-9E79-86ABC7640F2E}"
EndProject
Global
	GlobalSection(SolutionConfigurationPlatforms) = preSolution
		Debug|Any CPU = Debug|Any CPU
		Release|Any CPU = Release|Any CPU
	EndGlobalSection
	GlobalSection(ProjectConfigurationPlatforms) = postSolution
		{68A61664-9588-4728-9E79-86ABC7640F2E}.Debug|Any CPU.ActiveCfg = Debug|Any CPU
		{68A61664-9588-4728-9E79-86ABC7640F2E}.Debug|Any CPU.Build.0 = Debug|Any CPU
		{68A61664-9588-4728-9E79-86ABC7640F2E}.Release|Any CPU.ActiveCfg = Release|Any CPU
		{68A61664-9588-4728-9E79-86ABC7640F2E}.Release|Any CPU.Build.0 = Release|Any CPU
	EndGlobalSection
	GlobalSection(SolutionProperties) = preSolution
		HideSolutionNode = FALSE
	EndGlobalSection
	GlobalSection(ExtensibilityGlobals) = postSolution
		SolutionGuid = {558F69E3-4ED4-4414-9469-7DB9D3D3C13C}
	EndGlobalSection
EndGlobal
